// !$*UTF8*$!
{
	archiveVersion = 1;
	classes = {
	};
	objectVersion = 46;
	objects = {

/* Begin PBXBuildFile section */
		2CD0BA251D0AF51300AB58D2 /* AppDelegate.swift in Sources */ = {isa = PBXBuildFile; fileRef = 2CD0BA241D0AF51300AB58D2 /* AppDelegate.swift */; };
		2CD0BA271D0AF51300AB58D2 /* ViewController.swift in Sources */ = {isa = PBXBuildFile; fileRef = 2CD0BA261D0AF51300AB58D2 /* ViewController.swift */; };
		2CD0BA2A1D0AF51300AB58D2 /* Main.storyboard in Resources */ = {isa = PBXBuildFile; fileRef = 2CD0BA281D0AF51300AB58D2 /* Main.storyboard */; };
		2CD0BA2C1D0AF51300AB58D2 /* Assets.xcassets in Resources */ = {isa = PBXBuildFile; fileRef = 2CD0BA2B1D0AF51300AB58D2 /* Assets.xcassets */; };
		2CD0BA2F1D0AF51300AB58D2 /* LaunchScreen.storyboard in Resources */ = {isa = PBXBuildFile; fileRef = 2CD0BA2D1D0AF51300AB58D2 /* LaunchScreen.storyboard */; };
		2CD0BA3A1D0AF51300AB58D2 /* SockeysTests.swift in Sources */ = {isa = PBXBuildFile; fileRef = 2CD0BA391D0AF51300AB58D2 /* SockeysTests.swift */; };
		2CD0BA451D0AF51300AB58D2 /* SockeysUITests.swift in Sources */ = {isa = PBXBuildFile; fileRef = 2CD0BA441D0AF51300AB58D2 /* SockeysUITests.swift */; };
		2CD0BA571D0AFAD500AB58D2 /* Key.swift in Sources */ = {isa = PBXBuildFile; fileRef = 2CD0BA561D0AFAD500AB58D2 /* Key.swift */; };
		2CD608861D0BB90800FFD51E /* KeyboardController.swift in Sources */ = {isa = PBXBuildFile; fileRef = 2CD608851D0BB90800FFD51E /* KeyboardController.swift */; };
		2CD608881D0BC16600FFD51E /* NetworkController.swift in Sources */ = {isa = PBXBuildFile; fileRef = 2CD608871D0BC16600FFD51E /* NetworkController.swift */; };
		5001B763C1D7463A8CC6AF20 /* Pods_Sockeys.framework in Frameworks */ = {isa = PBXBuildFile; fileRef = 5ED36A6CF50025E067342EB6 /* Pods_Sockeys.framework */; };
/* End PBXBuildFile section */

/* Begin PBXContainerItemProxy section */
		2CD0BA361D0AF51300AB58D2 /* PBXContainerItemProxy */ = {
			isa = PBXContainerItemProxy;
			containerPortal = 2CD0BA191D0AF51200AB58D2 /* Project object */;
			proxyType = 1;
			remoteGlobalIDString = 2CD0BA201D0AF51200AB58D2;
			remoteInfo = Sockeys;
		};
		2CD0BA411D0AF51300AB58D2 /* PBXContainerItemProxy */ = {
			isa = PBXContainerItemProxy;
			containerPortal = 2CD0BA191D0AF51200AB58D2 /* Project object */;
			proxyType = 1;
			remoteGlobalIDString = 2CD0BA201D0AF51200AB58D2;
			remoteInfo = Sockeys;
		};
/* End PBXContainerItemProxy section */

/* Begin PBXFileReference section */
		0837A6E80DFE9BF803CB0F97 /* Pods-Sockeys.release.xcconfig */ = {isa = PBXFileReference; includeInIndex = 1; lastKnownFileType = text.xcconfig; name = "Pods-Sockeys.release.xcconfig"; path = "Pods/Target Support Files/Pods-Sockeys/Pods-Sockeys.release.xcconfig"; sourceTree = "<group>"; };
		2CD0BA211D0AF51200AB58D2 /* Sockeys.app */ = {isa = PBXFileReference; explicitFileType = wrapper.application; includeInIndex = 0; path = Sockeys.app; sourceTree = BUILT_PRODUCTS_DIR; };
		2CD0BA241D0AF51300AB58D2 /* AppDelegate.swift */ = {isa = PBXFileReference; lastKnownFileType = sourcecode.swift; path = AppDelegate.swift; sourceTree = "<group>"; };
		2CD0BA261D0AF51300AB58D2 /* ViewController.swift */ = {isa = PBXFileReference; lastKnownFileType = sourcecode.swift; path = ViewController.swift; sourceTree = "<group>"; };
		2CD0BA291D0AF51300AB58D2 /* Base */ = {isa = PBXFileReference; lastKnownFileType = file.storyboard; name = Base; path = Base.lproj/Main.storyboard; sourceTree = "<group>"; };
		2CD0BA2B1D0AF51300AB58D2 /* Assets.xcassets */ = {isa = PBXFileReference; lastKnownFileType = folder.assetcatalog; path = Assets.xcassets; sourceTree = "<group>"; };
		2CD0BA2E1D0AF51300AB58D2 /* Base */ = {isa = PBXFileReference; lastKnownFileType = file.storyboard; name = Base; path = Base.lproj/LaunchScreen.storyboard; sourceTree = "<group>"; };
		2CD0BA301D0AF51300AB58D2 /* Info.plist */ = {isa = PBXFileReference; lastKnownFileType = text.plist.xml; path = Info.plist; sourceTree = "<group>"; };
		2CD0BA351D0AF51300AB58D2 /* SockeysTests.xctest */ = {isa = PBXFileReference; explicitFileType = wrapper.cfbundle; includeInIndex = 0; path = SockeysTests.xctest; sourceTree = BUILT_PRODUCTS_DIR; };
		2CD0BA391D0AF51300AB58D2 /* SockeysTests.swift */ = {isa = PBXFileReference; lastKnownFileType = sourcecode.swift; path = SockeysTests.swift; sourceTree = "<group>"; };
		2CD0BA3B1D0AF51300AB58D2 /* Info.plist */ = {isa = PBXFileReference; lastKnownFileType = text.plist.xml; path = Info.plist; sourceTree = "<group>"; };
		2CD0BA401D0AF51300AB58D2 /* SockeysUITests.xctest */ = {isa = PBXFileReference; explicitFileType = wrapper.cfbundle; includeInIndex = 0; path = SockeysUITests.xctest; sourceTree = BUILT_PRODUCTS_DIR; };
		2CD0BA441D0AF51300AB58D2 /* SockeysUITests.swift */ = {isa = PBXFileReference; lastKnownFileType = sourcecode.swift; path = SockeysUITests.swift; sourceTree = "<group>"; };
		2CD0BA461D0AF51300AB58D2 /* Info.plist */ = {isa = PBXFileReference; lastKnownFileType = text.plist.xml; path = Info.plist; sourceTree = "<group>"; };
		2CD0BA561D0AFAD500AB58D2 /* Key.swift */ = {isa = PBXFileReference; fileEncoding = 4; lastKnownFileType = sourcecode.swift; path = Key.swift; sourceTree = "<group>"; };
		2CD608851D0BB90800FFD51E /* KeyboardController.swift */ = {isa = PBXFileReference; fileEncoding = 4; lastKnownFileType = sourcecode.swift; path = KeyboardController.swift; sourceTree = "<group>"; };
		2CD608871D0BC16600FFD51E /* NetworkController.swift */ = {isa = PBXFileReference; fileEncoding = 4; lastKnownFileType = sourcecode.swift; path = NetworkController.swift; sourceTree = "<group>"; };
		5ED36A6CF50025E067342EB6 /* Pods_Sockeys.framework */ = {isa = PBXFileReference; explicitFileType = wrapper.framework; includeInIndex = 0; path = Pods_Sockeys.framework; sourceTree = BUILT_PRODUCTS_DIR; };
		6E9885949E6D9687BFFCB15F /* Pods-Sockeys.debug.xcconfig */ = {isa = PBXFileReference; includeInIndex = 1; lastKnownFileType = text.xcconfig; name = "Pods-Sockeys.debug.xcconfig"; path = "Pods/Target Support Files/Pods-Sockeys/Pods-Sockeys.debug.xcconfig"; sourceTree = "<group>"; };
/* End PBXFileReference section */

/* Begin PBXFrameworksBuildPhase section */
		2CD0BA1E1D0AF51200AB58D2 /* Frameworks */ = {
			isa = PBXFrameworksBuildPhase;
			buildActionMask = 2147483647;
			files = (
				5001B763C1D7463A8CC6AF20 /* Pods_Sockeys.framework in Frameworks */,
			);
			runOnlyForDeploymentPostprocessing = 0;
		};
		2CD0BA321D0AF51300AB58D2 /* Frameworks */ = {
			isa = PBXFrameworksBuildPhase;
			buildActionMask = 2147483647;
			files = (
			);
			runOnlyForDeploymentPostprocessing = 0;
		};
		2CD0BA3D1D0AF51300AB58D2 /* Frameworks */ = {
			isa = PBXFrameworksBuildPhase;
			buildActionMask = 2147483647;
			files = (
			);
			runOnlyForDeploymentPostprocessing = 0;
		};
/* End PBXFrameworksBuildPhase section */

/* Begin PBXGroup section */
		2CD0BA181D0AF51200AB58D2 = {
			isa = PBXGroup;
			children = (
				2CD0BA231D0AF51300AB58D2 /* Sockeys */,
				2CD0BA381D0AF51300AB58D2 /* SockeysTests */,
				2CD0BA431D0AF51300AB58D2 /* SockeysUITests */,
				2CD0BA221D0AF51200AB58D2 /* Products */,
				59CD14C6D9ACD9A06AFBA584 /* Pods */,
				4C1643CCC7A92DBD88D50D1F /* Frameworks */,
			);
			sourceTree = "<group>";
		};
		2CD0BA221D0AF51200AB58D2 /* Products */ = {
			isa = PBXGroup;
			children = (
				2CD0BA211D0AF51200AB58D2 /* Sockeys.app */,
				2CD0BA351D0AF51300AB58D2 /* SockeysTests.xctest */,
				2CD0BA401D0AF51300AB58D2 /* SockeysUITests.xctest */,
			);
			name = Products;
			sourceTree = "<group>";
		};
		2CD0BA231D0AF51300AB58D2 /* Sockeys */ = {
			isa = PBXGroup;
			children = (
				2CD0BA241D0AF51300AB58D2 /* AppDelegate.swift */,
				2CD0BA261D0AF51300AB58D2 /* ViewController.swift */,
				2CD0BA281D0AF51300AB58D2 /* Main.storyboard */,
				2CD0BA2B1D0AF51300AB58D2 /* Assets.xcassets */,
				2CD0BA2D1D0AF51300AB58D2 /* LaunchScreen.storyboard */,
				2CD0BA301D0AF51300AB58D2 /* Info.plist */,
				2CD0BA561D0AFAD500AB58D2 /* Key.swift */,
				2CD608851D0BB90800FFD51E /* KeyboardController.swift */,
				2CD608871D0BC16600FFD51E /* NetworkController.swift */,
			);
			path = Sockeys;
			sourceTree = "<group>";
		};
		2CD0BA381D0AF51300AB58D2 /* SockeysTests */ = {
			isa = PBXGroup;
			children = (
				2CD0BA391D0AF51300AB58D2 /* SockeysTests.swift */,
				2CD0BA3B1D0AF51300AB58D2 /* Info.plist */,
			);
			path = SockeysTests;
			sourceTree = "<group>";
		};
		2CD0BA431D0AF51300AB58D2 /* SockeysUITests */ = {
			isa = PBXGroup;
			children = (
				2CD0BA441D0AF51300AB58D2 /* SockeysUITests.swift */,
				2CD0BA461D0AF51300AB58D2 /* Info.plist */,
			);
			path = SockeysUITests;
			sourceTree = "<group>";
		};
		4C1643CCC7A92DBD88D50D1F /* Frameworks */ = {
			isa = PBXGroup;
			children = (
				5ED36A6CF50025E067342EB6 /* Pods_Sockeys.framework */,
			);
			name = Frameworks;
			sourceTree = "<group>";
		};
		59CD14C6D9ACD9A06AFBA584 /* Pods */ = {
			isa = PBXGroup;
			children = (
				6E9885949E6D9687BFFCB15F /* Pods-Sockeys.debug.xcconfig */,
				0837A6E80DFE9BF803CB0F97 /* Pods-Sockeys.release.xcconfig */,
			);
			name = Pods;
			sourceTree = "<group>";
		};
/* End PBXGroup section */

/* Begin PBXNativeTarget section */
		2CD0BA201D0AF51200AB58D2 /* Sockeys */ = {
			isa = PBXNativeTarget;
			buildConfigurationList = 2CD0BA491D0AF51300AB58D2 /* Build configuration list for PBXNativeTarget "Sockeys" */;
			buildPhases = (
				469BEDC4B36586CCCA7D7524 /* 📦 Check Pods Manifest.lock */,
				2CD0BA1D1D0AF51200AB58D2 /* Sources */,
				2CD0BA1E1D0AF51200AB58D2 /* Frameworks */,
				2CD0BA1F1D0AF51200AB58D2 /* Resources */,
				FD73A46658275C599E1A4263 /* 📦 Embed Pods Frameworks */,
				B35FCF1167CB9412EFE93580 /* 📦 Copy Pods Resources */,
			);
			buildRules = (
			);
			dependencies = (
			);
			name = Sockeys;
			productName = Sockeys;
			productReference = 2CD0BA211D0AF51200AB58D2 /* Sockeys.app */;
			productType = "com.apple.product-type.application";
		};
		2CD0BA341D0AF51300AB58D2 /* SockeysTests */ = {
			isa = PBXNativeTarget;
			buildConfigurationList = 2CD0BA4C1D0AF51300AB58D2 /* Build configuration list for PBXNativeTarget "SockeysTests" */;
			buildPhases = (
				2CD0BA311D0AF51300AB58D2 /* Sources */,
				2CD0BA321D0AF51300AB58D2 /* Frameworks */,
				2CD0BA331D0AF51300AB58D2 /* Resources */,
			);
			buildRules = (
			);
			dependencies = (
				2CD0BA371D0AF51300AB58D2 /* PBXTargetDependency */,
			);
			name = SockeysTests;
			productName = SockeysTests;
			productReference = 2CD0BA351D0AF51300AB58D2 /* SockeysTests.xctest */;
			productType = "com.apple.product-type.bundle.unit-test";
		};
		2CD0BA3F1D0AF51300AB58D2 /* SockeysUITests */ = {
			isa = PBXNativeTarget;
			buildConfigurationList = 2CD0BA4F1D0AF51300AB58D2 /* Build configuration list for PBXNativeTarget "SockeysUITests" */;
			buildPhases = (
				2CD0BA3C1D0AF51300AB58D2 /* Sources */,
				2CD0BA3D1D0AF51300AB58D2 /* Frameworks */,
				2CD0BA3E1D0AF51300AB58D2 /* Resources */,
			);
			buildRules = (
			);
			dependencies = (
				2CD0BA421D0AF51300AB58D2 /* PBXTargetDependency */,
			);
			name = SockeysUITests;
			productName = SockeysUITests;
			productReference = 2CD0BA401D0AF51300AB58D2 /* SockeysUITests.xctest */;
			productType = "com.apple.product-type.bundle.ui-testing";
		};
/* End PBXNativeTarget section */

/* Begin PBXProject section */
		2CD0BA191D0AF51200AB58D2 /* Project object */ = {
			isa = PBXProject;
			attributes = {
				LastSwiftUpdateCheck = 0730;
				LastUpgradeCheck = 0730;
				ORGANIZATIONNAME = beanandbean;
				TargetAttributes = {
					2CD0BA201D0AF51200AB58D2 = {
						CreatedOnToolsVersion = 7.3.1;
					};
					2CD0BA341D0AF51300AB58D2 = {
						CreatedOnToolsVersion = 7.3.1;
						TestTargetID = 2CD0BA201D0AF51200AB58D2;
					};
					2CD0BA3F1D0AF51300AB58D2 = {
						CreatedOnToolsVersion = 7.3.1;
						TestTargetID = 2CD0BA201D0AF51200AB58D2;
					};
				};
			};
			buildConfigurationList = 2CD0BA1C1D0AF51200AB58D2 /* Build configuration list for PBXProject "Sockeys" */;
			compatibilityVersion = "Xcode 3.2";
			developmentRegion = English;
			hasScannedForEncodings = 0;
			knownRegions = (
				en,
				Base,
			);
			mainGroup = 2CD0BA181D0AF51200AB58D2;
			productRefGroup = 2CD0BA221D0AF51200AB58D2 /* Products */;
			projectDirPath = "";
			projectRoot = "";
			targets = (
				2CD0BA201D0AF51200AB58D2 /* Sockeys */,
				2CD0BA341D0AF51300AB58D2 /* SockeysTests */,
				2CD0BA3F1D0AF51300AB58D2 /* SockeysUITests */,
			);
		};
/* End PBXProject section */

/* Begin PBXResourcesBuildPhase section */
		2CD0BA1F1D0AF51200AB58D2 /* Resources */ = {
			isa = PBXResourcesBuildPhase;
			buildActionMask = 2147483647;
			files = (
				2CD0BA2F1D0AF51300AB58D2 /* LaunchScreen.storyboard in Resources */,
				2CD0BA2C1D0AF51300AB58D2 /* Assets.xcassets in Resources */,
				2CD0BA2A1D0AF51300AB58D2 /* Main.storyboard in Resources */,
			);
			runOnlyForDeploymentPostprocessing = 0;
		};
		2CD0BA331D0AF51300AB58D2 /* Resources */ = {
			isa = PBXResourcesBuildPhase;
			buildActionMask = 2147483647;
			files = (
			);
			runOnlyForDeploymentPostprocessing = 0;
		};
		2CD0BA3E1D0AF51300AB58D2 /* Resources */ = {
			isa = PBXResourcesBuildPhase;
			buildActionMask = 2147483647;
			files = (
			);
			runOnlyForDeploymentPostprocessing = 0;
		};
/* End PBXResourcesBuildPhase section */

/* Begin PBXShellScriptBuildPhase section */
		469BEDC4B36586CCCA7D7524 /* 📦 Check Pods Manifest.lock */ = {
			isa = PBXShellScriptBuildPhase;
			buildActionMask = 2147483647;
			files = (
			);
			inputPaths = (
			);
			name = "📦 Check Pods Manifest.lock";
			outputPaths = (
			);
			runOnlyForDeploymentPostprocessing = 0;
			shellPath = /bin/sh;
			shellScript = "diff \"${PODS_ROOT}/../Podfile.lock\" \"${PODS_ROOT}/Manifest.lock\" > /dev/null\nif [[ $? != 0 ]] ; then\n    cat << EOM\nerror: The sandbox is not in sync with the Podfile.lock. Run 'pod install' or update your CocoaPods installation.\nEOM\n    exit 1\nfi\n";
			showEnvVarsInLog = 0;
		};
		B35FCF1167CB9412EFE93580 /* 📦 Copy Pods Resources */ = {
			isa = PBXShellScriptBuildPhase;
			buildActionMask = 2147483647;
			files = (
			);
			inputPaths = (
			);
			name = "📦 Copy Pods Resources";
			outputPaths = (
			);
			runOnlyForDeploymentPostprocessing = 0;
			shellPath = /bin/sh;
			shellScript = "\"${SRCROOT}/Pods/Target Support Files/Pods-Sockeys/Pods-Sockeys-resources.sh\"\n";
			showEnvVarsInLog = 0;
		};
		FD73A46658275C599E1A4263 /* 📦 Embed Pods Frameworks */ = {
			isa = PBXShellScriptBuildPhase;
			buildActionMask = 2147483647;
			files = (
			);
			inputPaths = (
			);
			name = "📦 Embed Pods Frameworks";
			outputPaths = (
			);
			runOnlyForDeploymentPostprocessing = 0;
			shellPath = /bin/sh;
			shellScript = "\"${SRCROOT}/Pods/Target Support Files/Pods-Sockeys/Pods-Sockeys-frameworks.sh\"\n";
			showEnvVarsInLog = 0;
		};
/* End PBXShellScriptBuildPhase section */

/* Begin PBXSourcesBuildPhase section */
		2CD0BA1D1D0AF51200AB58D2 /* Sources */ = {
			isa = PBXSourcesBuildPhase;
			buildActionMask = 2147483647;
			files = (
				2CD608881D0BC16600FFD51E /* NetworkController.swift in Sources */,
				2CD608861D0BB90800FFD51E /* KeyboardController.swift in Sources */,
				2CD0BA271D0AF51300AB58D2 /* ViewController.swift in Sources */,
				2CD0BA251D0AF51300AB58D2 /* AppDelegate.swift in Sources */,
				2CD0BA571D0AFAD500AB58D2 /* Key.swift in Sources */,
			);
			runOnlyForDeploymentPostprocessing = 0;
		};
		2CD0BA311D0AF51300AB58D2 /* Sources */ = {
			isa = PBXSourcesBuildPhase;
			buildActionMask = 2147483647;
			files = (
				2CD0BA3A1D0AF51300AB58D2 /* SockeysTests.swift in Sources */,
			);
			runOnlyForDeploymentPostprocessing = 0;
		};
		2CD0BA3C1D0AF51300AB58D2 /* Sources */ = {
			isa = PBXSourcesBuildPhase;
			buildActionMask = 2147483647;
			files = (
				2CD0BA451D0AF51300AB58D2 /* SockeysUITests.swift in Sources */,
			);
			runOnlyForDeploymentPostprocessing = 0;
		};
/* End PBXSourcesBuildPhase section */

/* Begin PBXTargetDependency section */
		2CD0BA371D0AF51300AB58D2 /* PBXTargetDependency */ = {
			isa = PBXTargetDependency;
			target = 2CD0BA201D0AF51200AB58D2 /* Sockeys */;
			targetProxy = 2CD0BA361D0AF51300AB58D2 /* PBXContainerItemProxy */;
		};
		2CD0BA421D0AF51300AB58D2 /* PBXTargetDependency */ = {
			isa = PBXTargetDependency;
			target = 2CD0BA201D0AF51200AB58D2 /* Sockeys */;
			targetProxy = 2CD0BA411D0AF51300AB58D2 /* PBXContainerItemProxy */;
		};
/* End PBXTargetDependency section */

/* Begin PBXVariantGroup section */
		2CD0BA281D0AF51300AB58D2 /* Main.storyboard */ = {
			isa = PBXVariantGroup;
			children = (
				2CD0BA291D0AF51300AB58D2 /* Base */,
			);
			name = Main.storyboard;
			sourceTree = "<group>";
		};
		2CD0BA2D1D0AF51300AB58D2 /* LaunchScreen.storyboard */ = {
			isa = PBXVariantGroup;
			children = (
				2CD0BA2E1D0AF51300AB58D2 /* Base */,
			);
			name = LaunchScreen.storyboard;
			sourceTree = "<group>";
		};
/* End PBXVariantGroup section */

/* Begin XCBuildConfiguration section */
		2CD0BA471D0AF51300AB58D2 /* Debug */ = {
			isa = XCBuildConfiguration;
			buildSettings = {
				ALWAYS_SEARCH_USER_PATHS = NO;
				CLANG_ANALYZER_NONNULL = YES;
				CLANG_CXX_LANGUAGE_STANDARD = "gnu++0x";
				CLANG_CXX_LIBRARY = "libc++";
				CLANG_ENABLE_MODULES = YES;
				CLANG_ENABLE_OBJC_ARC = YES;
				CLANG_WARN_BOOL_CONVERSION = YES;
				CLANG_WARN_CONSTANT_CONVERSION = YES;
				CLANG_WARN_DIRECT_OBJC_ISA_USAGE = YES_ERROR;
				CLANG_WARN_EMPTY_BODY = YES;
				CLANG_WARN_ENUM_CONVERSION = YES;
				CLANG_WARN_INT_CONVERSION = YES;
				CLANG_WARN_OBJC_ROOT_CLASS = YES_ERROR;
				CLANG_WARN_UNREACHABLE_CODE = YES;
				CLANG_WARN__DUPLICATE_METHOD_MATCH = YES;
				"CODE_SIGN_IDENTITY[sdk=iphoneos*]" = "iPhone Developer";
				COPY_PHASE_STRIP = NO;
				DEBUG_INFORMATION_FORMAT = dwarf;
				ENABLE_STRICT_OBJC_MSGSEND = YES;
				ENABLE_TESTABILITY = YES;
				GCC_C_LANGUAGE_STANDARD = gnu99;
				GCC_DYNAMIC_NO_PIC = NO;
				GCC_NO_COMMON_BLOCKS = YES;
				GCC_OPTIMIZATION_LEVEL = 0;
				GCC_PREPROCESSOR_DEFINITIONS = (
					"DEBUG=1",
					"$(inherited)",
				);
				GCC_WARN_64_TO_32_BIT_CONVERSION = YES;
				GCC_WARN_ABOUT_RETURN_TYPE = YES_ERROR;
				GCC_WARN_UNDECLARED_SELECTOR = YES;
				GCC_WARN_UNINITIALIZED_AUTOS = YES_AGGRESSIVE;
				GCC_WARN_UNUSED_FUNCTION = YES;
				GCC_WARN_UNUSED_VARIABLE = YES;
				IPHONEOS_DEPLOYMENT_TARGET = 9.0;
				MTL_ENABLE_DEBUG_INFO = YES;
				ONLY_ACTIVE_ARCH = YES;
				SDKROOT = iphoneos;
				SWIFT_OPTIMIZATION_LEVEL = "-Onone";
				TARGETED_DEVICE_FAMILY = "1,2";
			};
			name = Debug;
		};
		2CD0BA481D0AF51300AB58D2 /* Release */ = {
			isa = XCBuildConfiguration;
			buildSettings = {
				ALWAYS_SEARCH_USER_PATHS = NO;
				CLANG_ANALYZER_NONNULL = YES;
				CLANG_CXX_LANGUAGE_STANDARD = "gnu++0x";
				CLANG_CXX_LIBRARY = "libc++";
				CLANG_ENABLE_MODULES = YES;
				CLANG_ENABLE_OBJC_ARC = YES;
				CLANG_WARN_BOOL_CONVERSION = YES;
				CLANG_WARN_CONSTANT_CONVERSION = YES;
				CLANG_WARN_DIRECT_OBJC_ISA_USAGE = YES_ERROR;
				CLANG_WARN_EMPTY_BODY = YES;
				CLANG_WARN_ENUM_CONVERSION = YES;
				CLANG_WARN_INT_CONVERSION = YES;
				CLANG_WARN_OBJC_ROOT_CLASS = YES_ERROR;
				CLANG_WARN_UNREACHABLE_CODE = YES;
				CLANG_WARN__DUPLICATE_METHOD_MATCH = YES;
				"CODE_SIGN_IDENTITY[sdk=iphoneos*]" = "iPhone Developer";
				COPY_PHASE_STRIP = NO;
				DEBUG_INFORMATION_FORMAT = "dwarf-with-dsym";
				ENABLE_NS_ASSERTIONS = NO;
				ENABLE_STRICT_OBJC_MSGSEND = YES;
				GCC_C_LANGUAGE_STANDARD = gnu99;
				GCC_NO_COMMON_BLOCKS = YES;
				GCC_WARN_64_TO_32_BIT_CONVERSION = YES;
				GCC_WARN_ABOUT_RETURN_TYPE = YES_ERROR;
				GCC_WARN_UNDECLARED_SELECTOR = YES;
				GCC_WARN_UNINITIALIZED_AUTOS = YES_AGGRESSIVE;
				GCC_WARN_UNUSED_FUNCTION = YES;
				GCC_WARN_UNUSED_VARIABLE = YES;
				IPHONEOS_DEPLOYMENT_TARGET = 9.0;
				MTL_ENABLE_DEBUG_INFO = NO;
				SDKROOT = iphoneos;
				TARGETED_DEVICE_FAMILY = "1,2";
				VALIDATE_PRODUCT = YES;
			};
			name = Release;
		};
		2CD0BA4A1D0AF51300AB58D2 /* Debug */ = {
			isa = XCBuildConfiguration;
			baseConfigurationReference = 6E9885949E6D9687BFFCB15F /* Pods-Sockeys.debug.xcconfig */;
			buildSettings = {
				ASSETCATALOG_COMPILER_APPICON_NAME = AppIcon;
				INFOPLIST_FILE = Sockeys/Info.plist;
				IPHONEOS_DEPLOYMENT_TARGET = 9.0;
				LD_RUNPATH_SEARCH_PATHS = "$(inherited) @executable_path/Frameworks";
				PRODUCT_BUNDLE_IDENTIFIER = BeanAndBean.Sockeys;
				PRODUCT_NAME = "$(TARGET_NAME)";
				TARGETED_DEVICE_FAMILY = 2;
			};
			name = Debug;
		};
		2CD0BA4B1D0AF51300AB58D2 /* Release */ = {
			isa = XCBuildConfiguration;
			baseConfigurationReference = 0837A6E80DFE9BF803CB0F97 /* Pods-Sockeys.release.xcconfig */;
			buildSettings = {
				ASSETCATALOG_COMPILER_APPICON_NAME = AppIcon;
				INFOPLIST_FILE = Sockeys/Info.plist;
				IPHONEOS_DEPLOYMENT_TARGET = 9.0;
				LD_RUNPATH_SEARCH_PATHS = "$(inherited) @executable_path/Frameworks";
				PRODUCT_BUNDLE_IDENTIFIER = BeanAndBean.Sockeys;
				PRODUCT_NAME = "$(TARGET_NAME)";
				TARGETED_DEVICE_FAMILY = 2;
			};
			name = Release;
		};
		2CD0BA4D1D0AF51300AB58D2 /* Debug */ = {
			isa = XCBuildConfiguration;
			buildSettings = {
				BUNDLE_LOADER = "$(TEST_HOST)";
				INFOPLIST_FILE = SockeysTests/Info.plist;
				LD_RUNPATH_SEARCH_PATHS = "$(inherited) @executable_path/Frameworks @loader_path/Frameworks";
				PRODUCT_BUNDLE_IDENTIFIER = BeanAndBean.SockeysTests;
				PRODUCT_NAME = "$(TARGET_NAME)";
				TEST_HOST = "$(BUILT_PRODUCTS_DIR)/Sockeys.app/Sockeys";
			};
			name = Debug;
		};
		2CD0BA4E1D0AF51300AB58D2 /* Release */ = {
			isa = XCBuildConfiguration;
			buildSettings = {
				BUNDLE_LOADER = "$(TEST_HOST)";
				INFOPLIST_FILE = SockeysTests/Info.plist;
				LD_RUNPATH_SEARCH_PATHS = "$(inherited) @executable_path/Frameworks @loader_path/Frameworks";
				PRODUCT_BUNDLE_IDENTIFIER = BeanAndBean.SockeysTests;
				PRODUCT_NAME = "$(TARGET_NAME)";
				TEST_HOST = "$(BUILT_PRODUCTS_DIR)/Sockeys.app/Sockeys";
			};
			name = Release;
		};
		2CD0BA501D0AF51300AB58D2 /* Debug */ = {
			isa = XCBuildConfiguration;
			buildSettings = {
				INFOPLIST_FILE = SockeysUITests/Info.plist;
				LD_RUNPATH_SEARCH_PATHS = "$(inherited) @executable_path/Frameworks @loader_path/Frameworks";
				PRODUCT_BUNDLE_IDENTIFIER = BeanAndBean.SockeysUITests;
				PRODUCT_NAME = "$(TARGET_NAME)";
				TEST_TARGET_NAME = Sockeys;
			};
			name = Debug;
		};
		2CD0BA511D0AF51300AB58D2 /* Release */ = {
			isa = XCBuildConfiguration;
			buildSettings = {
				INFOPLIST_FILE = SockeysUITests/Info.plist;
				LD_RUNPATH_SEARCH_PATHS = "$(inherited) @executable_path/Frameworks @loader_path/Frameworks";
				PRODUCT_BUNDLE_IDENTIFIER = BeanAndBean.SockeysUITests;
				PRODUCT_NAME = "$(TARGET_NAME)";
				TEST_TARGET_NAME = Sockeys;
			};
			name = Release;
		};
/* End XCBuildConfiguration section */

/* Begin XCConfigurationList section */
		2CD0BA1C1D0AF51200AB58D2 /* Build configuration list for PBXProject "Sockeys" */ = {
			isa = XCConfigurationList;
			buildConfigurations = (
				2CD0BA471D0AF51300AB58D2 /* Debug */,
				2CD0BA481D0AF51300AB58D2 /* Release */,
			);
			defaultConfigurationIsVisible = 0;
			defaultConfigurationName = Release;
		};
		2CD0BA491D0AF51300AB58D2 /* Build configuration list for PBXNativeTarget "Sockeys" */ = {
			isa = XCConfigurationList;
			buildConfigurations = (
				2CD0BA4A1D0AF51300AB58D2 /* Debug */,
				2CD0BA4B1D0AF51300AB58D2 /* Release */,
			);
			defaultConfigurationIsVisible = 0;
			defaultConfigurationName = Release;
		};
		2CD0BA4C1D0AF51300AB58D2 /* Build configuration list for PBXNativeTarget "SockeysTests" */ = {
			isa = XCConfigurationList;
			buildConfigurations = (
				2CD0BA4D1D0AF51300AB58D2 /* Debug */,
				2CD0BA4E1D0AF51300AB58D2 /* Release */,
			);
			defaultConfigurationIsVisible = 0;
			defaultConfigurationName = Release;
		};
		2CD0BA4F1D0AF51300AB58D2 /* Build configuration list for PBXNativeTarget "SockeysUITests" */ = {
			isa = XCConfigurationList;
			buildConfigurations = (
				2CD0BA501D0AF51300AB58D2 /* Debug */,
				2CD0BA511D0AF51300AB58D2 /* Release */,
			);
			defaultConfigurationIsVisible = 0;
			defaultConfigurationName = Release;
		};
/* End XCConfigurationList section */
	};
	rootObject = 2CD0BA191D0AF51200AB58D2 /* Project object */;
}
